// !$*UTF8*$!
{
	archiveVersion = 1;
	classes = {
	};
	objectVersion = 77;
	objects = {

/* Begin PBXContainerItemProxy section */
		84D44E052F780DA40042EF2A /* PBXContainerItemProxy */ = {
			isa = PBXContainerItemProxy;
			containerPortal = 84D44DEF2F780DA10042EF2A /* Project object */;
			proxyType = 1;
			remoteGlobalIDString = 84D44DF62F780DA10042EF2A;
			remoteInfo = ChatAppTracker;
		};
		84D44E0F2F780DA40042EF2A /* PBXContainerItemProxy */ = {
			isa = PBXContainerItemProxy;
			containerPortal = 84D44DEF2F780DA10042EF2A /* Project object */;
			proxyType = 1;
			remoteGlobalIDString = 84D44DF62F780DA10042EF2A;
			remoteInfo = ChatAppTracker;
		};
/* End PBXContainerItemProxy section */

/* Begin PBXFileReference section */
		84D44DF72F780DA10042EF2A /* ChatAppTracker.app */ = {isa = PBXFileReference; explicitFileType = wrapper.application; includeInIndex = 0; path = ChatAppTracker.app; sourceTree = BUILT_PRODUCTS_DIR; };
		84D44E042F780DA40042EF2A /* ChatAppTrackerTests.xctest */ = {isa = PBXFileReference; explicitFileType = wrapper.cfbundle; includeInIndex = 0; path = ChatAppTrackerTests.xctest; sourceTree = BUILT_PRODUCTS_DIR; };
		84D44E0E2F780DA40042EF2A /* ChatAppTrackerUITests.xctest */ = {isa = PBXFileReference; explicitFileType = wrapper.cfbundle; includeInIndex = 0; path = ChatAppTrackerUITests.xctest; sourceTree = BUILT_PRODUCTS_DIR; };
/* End PBXFileReference section */

/* Begin PBXFileSystemSynchronizedRootGroup section */
		84D44DF92F780DA10042EF2A /* ChatAppTracker */ = {
			isa = PBXFileSystemSynchronizedRootGroup;
			path = ChatAppTracker;
			sourceTree = "<group>";
		};
		84D44E072F780DA40042EF2A /* ChatAppTrackerTests */ = {
			isa = PBXFileSystemSynchronizedRootGroup;
			path = ChatAppTrackerTests;
			sourceTree = "<group>";
		};
		84D44E112F780DA40042EF2A /* ChatAppTrackerUITests */ = {
			isa = PBXFileSystemSynchronizedRootGroup;
			path = ChatAppTrackerUITests;
			sourceTree = "<group>";
		};
/* End PBXFileSystemSynchronizedRootGroup section */

/* Begin PBXFrameworksBuildPhase section */
		84D44DF42F780DA10042EF2A /* Frameworks */ = {
			isa = PBXFrameworksBuildPhase;
			buildActionMask = 2147483647;
			files = (
			);
			runOnlyForDeploymentPostprocessing = 0;
		};
		84D44E012F780DA40042EF2A /* Frameworks */ = {
			isa = PBXFrameworksBuildPhase;
			buildActionMask = 2147483647;
			files = (
			);
			runOnlyForDeploymentPostprocessing = 0;
		};
		84D44E0B2F780DA40042EF2A /* Frameworks */ = {
			isa = PBXFrameworksBuildPhase;
			buildActionMask = 2147483647;
			files = (
			);
			runOnlyForDeploymentPostprocessing = 0;
		};
/* End PBXFrameworksBuildPhase section */

/* Begin PBXGroup section */
		84D44DEE2F780DA10042EF2A = {
			isa = PBXGroup;
			children = (
				84D44DF92F780DA10042EF2A /* ChatAppTracker */,
				84D44E072F780DA40042EF2A /* ChatAppTrackerTests */,
				84D44E112F780DA40042EF2A /* ChatAppTrackerUITests */,
				84D44DF82F780DA10042EF2A /* Products */,
			);
			sourceTree = "<group>";
		};
		84D44DF82F780DA10042EF2A /* Products */ = {
			isa = PBXGroup;
			children = (
				84D44DF72F780DA10042EF2A /* ChatAppTracker.app */,
				84D44E042F780DA40042EF2A /* ChatAppTrackerTests.xctest */,
				84D44E0E2F780DA40042EF2A /* ChatAppTrackerUITests.xctest */,
			);
			name = Products;
			sourceTree = "<group>";
		};
/* End PBXGroup section */

/* Begin PBXNativeTarget section */
		84D44DF62F780DA10042EF2A /* ChatAppTracker */ = {
			isa = PBXNativeTarget;
			buildConfigurationList = 84D44E182F780DA40042EF2A /* Build configuration list for PBXNativeTarget "ChatAppTracker" */;
			buildPhases = (
				84D44DF32F780DA10042EF2A /* Sources */,
				84D44DF42F780DA10042EF2A /* Frameworks */,
				84D44DF52F780DA10042EF2A /* Resources */,
			);
			buildRules = (
			);
			dependencies = (
			);
			fileSystemSynchronizedGroups = (
				84D44DF92F780DA10042EF2A /* ChatAppTracker */,
			);
			name = ChatAppTracker;
			packageProductDependencies = (
			);
			productName = ChatAppTracker;
			productReference = 84D44DF72F780DA10042EF2A /* ChatAppTracker.app */;
			productType = "com.apple.product-type.application";
		};
		84D44E032F780DA40042EF2A /* ChatAppTrackerTests */ = {
			isa = PBXNativeTarget;
			buildConfigurationList = 84D44E1B2F780DA40042EF2A /* Build configuration list for PBXNativeTarget "ChatAppTrackerTests" */;
			buildPhases = (
				84D44E002F780DA40042EF2A /* Sources */,
				84D44E012F780DA40042EF2A /* Frameworks */,
				84D44E022F780DA40042EF2A /* Resources */,
			);
			buildRules = (
			);
			dependencies = (
				84D44E062F780DA40042EF2A /* PBXTargetDependency */,
			);
			fileSystemSynchronizedGroups = (
				84D44E072F780DA40042EF2A /* ChatAppTrackerTests */,
			);
			name = ChatAppTrackerTests;
			packageProductDependencies = (
			);
			productName = ChatAppTrackerTests;
			productReference = 84D44E042F780DA40042EF2A /* ChatAppTrackerTests.xctest */;
			productType = "com.apple.product-type.bundle.unit-test";
		};
		84D44E0D2F780DA40042EF2A /* ChatAppTrackerUITests */ = {
			isa = PBXNativeTarget;
			buildConfigurationList = 84D44E1E2F780DA40042EF2A /* Build configuration list for PBXNativeTarget "ChatAppTrackerUITests" */;
			buildPhases = (
				84D44E0A2F780DA40042EF2A /* Sources */,
				84D44E0B2F780DA40042EF2A /* Frameworks */,
				84D44E0C2F780DA40042EF2A /* Resources */,
			);
			buildRules = (
			);
			dependencies = (
				84D44E102F780DA40042EF2A /* PBXTargetDependency */,
			);
			fileSystemSynchronizedGroups = (
				84D44E112F780DA40042EF2A /* ChatAppTrackerUITests */,
			);
			name = ChatAppTrackerUITests;
			packageProductDependencies = (
			);
			productName = ChatAppTrackerUITests;
			productReference = 84D44E0E2F780DA40042EF2A /* ChatAppTrackerUITests.xctest */;
			productType = "com.apple.product-type.bundle.ui-testing";
		};
/* End PBXNativeTarget section */

/* Begin PBXProject section */
		84D44DEF2F780DA10042EF2A /* Project object */ = {
			isa = PBXProject;
			attributes = {
				BuildIndependentTargetsInParallel = 1;
				LastSwiftUpdateCheck = 1630;
				LastUpgradeCheck = 1630;
				TargetAttributes = {
					84D44DF62F780DA10042EF2A = {
						CreatedOnToolsVersion = 16.3;
					};
					84D44E032F780DA40042EF2A = {
						CreatedOnToolsVersion = 16.3;
						TestTargetID = 84D44DF62F780DA10042EF2A;
					};
					84D44E0D2F780DA40042EF2A = {
						CreatedOnToolsVersion = 16.3;
						TestTargetID = 84D44DF62F780DA10042EF2A;
					};
				};
			};
			buildConfigurationList = 84D44DF22F780DA10042EF2A /* Build configuration list for PBXProject "ChatAppTracker" */;
			developmentRegion = en;
			hasScannedForEncodings = 0;
			knownRegions = (
				en,
				Base,
			);
			mainGroup = 84D44DEE2F780DA10042EF2A;
			minimizedProjectReferenceProxies = 1;
			preferredProjectObjectVersion = 77;
			productRefGroup = 84D44DF82F780DA10042EF2A /* Products */;
			projectDirPath = "";
			projectRoot = "";
			targets = (
				84D44DF62F780DA10042EF2A /* ChatAppTracker */,
				84D44E032F780DA40042EF2A /* ChatAppTrackerTests */,
				84D44E0D2F780DA40042EF2A /* ChatAppTrackerUITests */,
			);
		};
/* End PBXProject section */

/* Begin PBXResourcesBuildPhase section */
		84D44DF52F780DA10042EF2A /* Resources */ = {
			isa = PBXResourcesBuildPhase;
			buildActionMask = 2147483647;
			files = (
			);
			runOnlyForDeploymentPostprocessing = 0;
		};
		84D44E022F780DA40042EF2A /* Resources */ = {
			isa = PBXResourcesBuildPhase;
			buildActionMask = 2147483647;
			files = (
			);
			runOnlyForDeploymentPostprocessing = 0;
		};
		84D44E0C2F780DA40042EF2A /* Resources */ = {
			isa = PBXResourcesBuildPhase;
			buildActionMask = 2147483647;
			files = (
			);
			runOnlyForDeploymentPostprocessing = 0;
		};
/* End PBXResourcesBuildPhase section */

/* Begin PBXSourcesBuildPhase section */
		84D44DF32F780DA10042EF2A /* Sources */ = {
			isa = PBXSourcesBuildPhase;
			buildActionMask = 2147483647;
			files = (
			);
			runOnlyForDeploymentPostprocessing = 0;
		};
		84D44E002F780DA40042EF2A /* Sources */ = {
			isa = PBXSourcesBuildPhase;
			buildActionMask = 2147483647;
			files = (
			);
			runOnlyForDeploymentPostprocessing = 0;
		};
		84D44E0A2F780DA40042EF2A /* Sources */ = {
			isa = PBXSourcesBuildPhase;
			buildActionMask = 2147483647;
			files = (
			);
			runOnlyForDeploymentPostprocessing = 0;
		};
/* End PBXSourcesBuildPhase section */

/* Begin PBXTargetDependency section */
		84D44E062F780DA40042EF2A /* PBXTargetDependency */ = {
			isa = PBXTargetDependency;
			target = 84D44DF62F780DA10042EF2A /* ChatAppTracker */;
			targetProxy = 84D44E052F780DA40042EF2A /* PBXContainerItemProxy */;
		};
		84D44E102F780DA40042EF2A /* PBXTargetDependency */ = {
			isa = PBXTargetDependency;
			target = 84D44DF62F780DA10042EF2A /* ChatAppTracker */;
			targetProxy = 84D44E0F2F780DA40042EF2A /* PBXContainerItemProxy */;
		};
/* End PBXTargetDependency section */

/* Begin XCBuildConfiguration section */
		84D44E162F780DA40042EF2A /* Debug */ = {
			isa = XCBuildConfiguration;
			buildSettings = {
				ALWAYS_SEARCH_USER_PATHS = NO;
				ASSETCATALOG_COMPILER_GENERATE_SWIFT_ASSET_SYMBOL_EXTENSIONS = YES;
				CLANG_ANALYZER_NONNULL = YES;
				CLANG_ANALYZER_NUMBER_OBJECT_CONVERSION = YES_AGGRESSIVE;
				CLANG_CXX_LANGUAGE_STANDARD = "gnu++20";
				CLANG_ENABLE_MODULES = YES;
				CLANG_ENABLE_OBJC_ARC = YES;
				CLANG_ENABLE_OBJC_WEAK = YES;
				CLANG_WARN_BLOCK_CAPTURE_AUTORELEASING = YES;
				CLANG_WARN_BOOL_CONVERSION = YES;
				CLANG_WARN_COMMA = YES;
				CLANG_WARN_CONSTANT_CONVERSION = YES;
				CLANG_WARN_DEPRECATED_OBJC_IMPLEMENTATIONS = YES;
				CLANG_WARN_DIRECT_OBJC_ISA_USAGE = YES_ERROR;
				CLANG_WARN_DOCUMENTATION_COMMENTS = YES;
				CLANG_WARN_EMPTY_BODY = YES;
				CLANG_WARN_ENUM_CONVERSION = YES;
				CLANG_WARN_INFINITE_RECURSION = YES;
				CLANG_WARN_INT_CONVERSION = YES;
				CLANG_WARN_NON_LITERAL_NULL_CONVERSION = YES;
				CLANG_WARN_OBJC_IMPLICIT_RETAIN_SELF = YES;
				CLANG_WARN_OBJC_LITERAL_CONVERSION = YES;
				CLANG_WARN_OBJC_ROOT_CLASS = YES_ERROR;
				CLANG_WARN_QUOTED_INCLUDE_IN_FRAMEWORK_HEADER = YES;
				CLANG_WARN_RANGE_LOOP_ANALYSIS = YES;
				CLANG_WARN_STRICT_PROTOTYPES = YES;
				CLANG_WARN_SUSPICIOUS_MOVE = YES;
				CLANG_WARN_UNGUARDED_AVAILABILITY = YES_AGGRESSIVE;
				CLANG_WARN_UNREACHABLE_CODE = YES;
				CLANG_WARN__DUPLICATE_METHOD_MATCH = YES;
				COPY_PHASE_STRIP = NO;
				DEBUG_INFORMATION_FORMAT = dwarf;
				DEVELOPMENT_TEAM = 254YL47BHK;
				ENABLE_STRICT_OBJC_MSGSEND = YES;
				ENABLE_TESTABILITY = YES;
				ENABLE_USER_SCRIPT_SANDBOXING = YES;
				GCC_C_LANGUAGE_STANDARD = gnu17;
				GCC_DYNAMIC_NO_PIC = NO;
				GCC_NO_COMMON_BLOCKS = YES;
				GCC_OPTIMIZATION_LEVEL = 0;
				GCC_PREPROCESSOR_DEFINITIONS = (
					"DEBUG=1",
					"$(inherited)",
				);
				GCC_WARN_64_TO_32_BIT_CONVERSION = YES;
				GCC_WARN_ABOUT_RETURN_TYPE = YES_ERROR;
				GCC_WARN_UNDECLARED_SELECTOR = YES;
				GCC_WARN_UNINITIALIZED_AUTOS = YES_AGGRESSIVE;
				GCC_WARN_UNUSED_FUNCTION = YES;
				GCC_WARN_UNUSED_VARIABLE = YES;
				IPHONEOS_DEPLOYMENT_TARGET = 18.4;
				LOCALIZATION_PREFERS_STRING_CATALOGS = YES;
				MTL_ENABLE_DEBUG_INFO = INCLUDE_SOURCE;
				MTL_FAST_MATH = YES;
				ONLY_ACTIVE_ARCH = YES;
				SDKROOT = iphoneos;
				SWIFT_ACTIVE_COMPILATION_CONDITIONS = "DEBUG $(inherited)";
				SWIFT_OPTIMIZATION_LEVEL = "-Onone";
			};
			name = Debug;
		};
		84D44E172F780DA40042EF2A /* Release */ = {
			isa = XCBuildConfiguration;
			buildSettings = {
				ALWAYS_SEARCH_USER_PATHS = NO;
				ASSETCATALOG_COMPILER_GENERATE_SWIFT_ASSET_SYMBOL_EXTENSIONS = YES;
				CLANG_ANALYZER_NONNULL = YES;
				CLANG_ANALYZER_NUMBER_OBJECT_CONVERSION = YES_AGGRESSIVE;
				CLANG_CXX_LANGUAGE_STANDARD = "gnu++20";
				CLANG_ENABLE_MODULES = YES;
				CLANG_ENABLE_OBJC_ARC = YES;
				CLANG_ENABLE_OBJC_WEAK = YES;
				CLANG_WARN_BLOCK_CAPTURE_AUTORELEASING = YES;
				CLANG_WARN_BOOL_CONVERSION = YES;
				CLANG_WARN_COMMA = YES;
				CLANG_WARN_CONSTANT_CONVERSION = YES;
				CLANG_WARN_DEPRECATED_OBJC_IMPLEMENTATIONS = YES;
				CLANG_WARN_DIRECT_OBJC_ISA_USAGE = YES_ERROR;
				CLANG_WARN_DOCUMENTATION_COMMENTS = YES;
				CLANG_WARN_EMPTY_BODY = YES;
				CLANG_WARN_ENUM_CONVERSION = YES;
				CLANG_WARN_INFINITE_RECURSION = YES;
				CLANG_WARN_INT_CONVERSION = YES;
				CLANG_WARN_NON_LITERAL_NULL_CONVERSION = YES;
				CLANG_WARN_OBJC_IMPLICIT_RETAIN_SELF = YES;
				CLANG_WARN_OBJC_LITERAL_CONVERSION = YES;
				CLANG_WARN_OBJC_ROOT_CLASS = YES_ERROR;
				CLANG_WARN_QUOTED_INCLUDE_IN_FRAMEWORK_HEADER = YES;
				CLANG_WARN_RANGE_LOOP_ANALYSIS = YES;
				CLANG_WARN_STRICT_PROTOTYPES = YES;
				CLANG_WARN_SUSPICIOUS_MOVE = YES;
				CLANG_WARN_UNGUARDED_AVAILABILITY = YES_AGGRESSIVE;
				CLANG_WARN_UNREACHABLE_CODE = YES;
				CLANG_WARN__DUPLICATE_METHOD_MATCH = YES;
				COPY_PHASE_STRIP = NO;
				DEBUG_INFORMATION_FORMAT = "dwarf-with-dsym";
				DEVELOPMENT_TEAM = 254YL47BHK;
				ENABLE_NS_ASSERTIONS = NO;
				ENABLE_STRICT_OBJC_MSGSEND = YES;
				ENABLE_USER_SCRIPT_SANDBOXING = YES;
				GCC_C_LANGUAGE_STANDARD = gnu17;
				GCC_NO_COMMON_BLOCKS = YES;
				GCC_WARN_64_TO_32_BIT_CONVERSION = YES;
				GCC_WARN_ABOUT_RETURN_TYPE = YES_ERROR;
				GCC_WARN_UNDECLARED_SELECTOR = YES;
				GCC_WARN_UNINITIALIZED_AUTOS = YES_AGGRESSIVE;
				GCC_WARN_UNUSED_FUNCTION = YES;
				GCC_WARN_UNUSED_VARIABLE = YES;
				IPHONEOS_DEPLOYMENT_TARGET = 18.4;
				LOCALIZATION_PREFERS_STRING_CATALOGS = YES;
				MTL_ENABLE_DEBUG_INFO = NO;
				MTL_FAST_MATH = YES;
				SDKROOT = iphoneos;
				SWIFT_COMPILATION_MODE = wholemodule;
				VALIDATE_PRODUCT = YES;
			};
			name = Release;
		};
		84D44E192F780DA40042EF2A /* Debug */ = {
			isa = XCBuildConfiguration;
			buildSettings = {
				ASSETCATALOG_COMPILER_APPICON_NAME = AppIcon;
				ASSETCATALOG_COMPILER_GLOBAL_ACCENT_COLOR_NAME = AccentColor;
				CODE_SIGN_STYLE = Automatic;
				CURRENT_PROJECT_VERSION = 1;
				DEVELOPMENT_TEAM = 254YL47BHK;
				ENABLE_PREVIEWS = YES;
				GENERATE_INFOPLIST_FILE = YES;
				INFOPLIST_KEY_UIApplicationSceneManifest_Generation = YES;
				INFOPLIST_KEY_UIApplicationSupportsIndirectInputEvents = YES;
				INFOPLIST_KEY_UILaunchScreen_Generation = YES;
				INFOPLIST_KEY_UISupportedInterfaceOrientations_iPad = "UIInterfaceOrientationPortrait UIInterfaceOrientationPortraitUpsideDown UIInterfaceOrientationLandscapeLeft UIInterfaceOrientationLandscapeRight";
				INFOPLIST_KEY_UISupportedInterfaceOrientations_iPhone = "UIInterfaceOrientationPortrait UIInterfaceOrientationLandscapeLeft UIInterfaceOrientationLandscapeRight";
				LD_RUNPATH_SEARCH_PATHS = (
					"$(inherited)",
					"@executable_path/Frameworks",
				);
				MARKETING_VERSION = 1.0;
				PRODUCT_BUNDLE_IDENTIFIER = com.welastseen.ChatAppTracker;
				PRODUCT_NAME = "$(TARGET_NAME)";
				SWIFT_EMIT_LOC_STRINGS = YES;
				SWIFT_VERSION = 5.0;
				TARGETED_DEVICE_FAMILY = "1,2";
			};
			name = Debug;
		};
		84D44E1A2F780DA40042EF2A /* Release */ = {
			isa = XCBuildConfiguration;
			buildSettings = {
				ASSETCATALOG_COMPILER_APPICON_NAME = AppIcon;
				ASSETCATALOG_COMPILER_GLOBAL_ACCENT_COLOR_NAME = AccentColor;
				CODE_SIGN_STYLE = Automatic;
				CURRENT_PROJECT_VERSION = 1;
				DEVELOPMENT_TEAM = 254YL47BHK;
				ENABLE_PREVIEWS = YES;
				GENERATE_INFOPLIST_FILE = YES;
				INFOPLIST_KEY_UIApplicationSceneManifest_Generation = YES;
				INFOPLIST_KEY_UIApplicationSupportsIndirectInputEvents = YES;
				INFOPLIST_KEY_UILaunchScreen_Generation = YES;
				INFOPLIST_KEY_UISupportedInterfaceOrientations_iPad = "UIInterfaceOrientationPortrait UIInterfaceOrientationPortraitUpsideDown UIInterfaceOrientationLandscapeLeft UIInterfaceOrientationLandscapeRight";
				INFOPLIST_KEY_UISupportedInterfaceOrientations_iPhone = "UIInterfaceOrientationPortrait UIInterfaceOrientationLandscapeLeft UIInterfaceOrientationLandscapeRight";
				LD_RUNPATH_SEARCH_PATHS = (
					"$(inherited)",
					"@executable_path/Frameworks",
				);
				MARKETING_VERSION = 1.0;
				PRODUCT_BUNDLE_IDENTIFIER = com.welastseen.ChatAppTracker;
				PRODUCT_NAME = "$(TARGET_NAME)";
				SWIFT_EMIT_LOC_STRINGS = YES;
				SWIFT_VERSION = 5.0;
				TARGETED_DEVICE_FAMILY = "1,2";
			};
			name = Release;
		};
		84D44E1C2F780DA40042EF2A /* Debug */ = {
			isa = XCBuildConfiguration;
			buildSettings = {
				BUNDLE_LOADER = "$(TEST_HOST)";
				CODE_SIGN_STYLE = Automatic;
				CURRENT_PROJECT_VERSION = 1;
				DEVELOPMENT_TEAM = 254YL47BHK;
				GENERATE_INFOPLIST_FILE = YES;
				IPHONEOS_DEPLOYMENT_TARGET = 18.4;
				MARKETING_VERSION = 1.0;
				PRODUCT_BUNDLE_IDENTIFIER = com.welastseen.ChatAppTrackerTests;
				PRODUCT_NAME = "$(TARGET_NAME)";
				SWIFT_EMIT_LOC_STRINGS = NO;
				SWIFT_VERSION = 5.0;
				TARGETED_DEVICE_FAMILY = "1,2";
				TEST_HOST = "$(BUILT_PRODUCTS_DIR)/ChatAppTracker.app/$(BUNDLE_EXECUTABLE_FOLDER_PATH)/ChatAppTracker";
			};
			name = Debug;
		};
		84D44E1D2F780DA40042EF2A /* Release */ = {
			isa = XCBuildConfiguration;
			buildSettings = {
				BUNDLE_LOADER = "$(TEST_HOST)";
				CODE_SIGN_STYLE = Automatic;
				CURRENT_PROJECT_VERSION = 1;
				DEVELOPMENT_TEAM = 254YL47BHK;
				GENERATE_INFOPLIST_FILE = YES;
				IPHONEOS_DEPLOYMENT_TARGET = 18.4;
				MARKETING_VERSION = 1.0;
				PRODUCT_BUNDLE_IDENTIFIER = com.welastseen.ChatAppTrackerTests;
				PRODUCT_NAME = "$(TARGET_NAME)";
				SWIFT_EMIT_LOC_STRINGS = NO;
				SWIFT_VERSION = 5.0;
				TARGETED_DEVICE_FAMILY = "1,2";
				TEST_HOST = "$(BUILT_PRODUCTS_DIR)/ChatAppTracker.app/$(BUNDLE_EXECUTABLE_FOLDER_PATH)/ChatAppTracker";
			};
			name = Release;
		};
		84D44E1F2F780DA40042EF2A /* Debug */ = {
			isa = XCBuildConfiguration;
			buildSettings = {
				CODE_SIGN_STYLE = Automatic;
				CURRENT_PROJECT_VERSION = 1;
				DEVELOPMENT_TEAM = 254YL47BHK;
				GENERATE_INFOPLIST_FILE = YES;
				MARKETING_VERSION = 1.0;
				PRODUCT_BUNDLE_IDENTIFIER = com.welastseen.ChatAppTrackerUITests;
				PRODUCT_NAME = "$(TARGET_NAME)";
				SWIFT_EMIT_LOC_STRINGS = NO;
				SWIFT_VERSION = 5.0;
				TARGETED_DEVICE_FAMILY = "1,2";
				TEST_TARGET_NAME = ChatAppTracker;
			};
			name = Debug;
		};
		84D44E202F780DA40042EF2A /* Release */ = {
			isa = XCBuildConfiguration;
			buildSettings = {
				CODE_SIGN_STYLE = Automatic;
				CURRENT_PROJECT_VERSION = 1;
				DEVELOPMENT_TEAM = 254YL47BHK;
				GENERATE_INFOPLIST_FILE = YES;
				MARKETING_VERSION = 1.0;
				PRODUCT_BUNDLE_IDENTIFIER = com.welastseen.ChatAppTrackerUITests;
				PRODUCT_NAME = "$(TARGET_NAME)";
				SWIFT_EMIT_LOC_STRINGS = NO;
				SWIFT_VERSION = 5.0;
				TARGETED_DEVICE_FAMILY = "1,2";
				TEST_TARGET_NAME = ChatAppTracker;
			};
			name = Release;
		};
/* End XCBuildConfiguration section */

/* Begin XCConfigurationList section */
		84D44DF22F780DA10042EF2A /* Build configuration list for PBXProject "ChatAppTracker" */ = {
			isa = XCConfigurationList;
			buildConfigurations = (
				84D44E162F780DA40042EF2A /* Debug */,
				84D44E172F780DA40042EF2A /* Release */,
			);
			defaultConfigurationIsVisible = 0;
			defaultConfigurationName = Release;
		};
		84D44E182F780DA40042EF2A /* Build configuration list for PBXNativeTarget "ChatAppTracker" */ = {
			isa = XCConfigurationList;
			buildConfigurations = (
				84D44E192F780DA40042EF2A /* Debug */,
				84D44E1A2F780DA40042EF2A /* Release */,
			);
			defaultConfigurationIsVisible = 0;
			defaultConfigurationName = Release;
		};
		84D44E1B2F780DA40042EF2A /* Build configuration list for PBXNativeTarget "ChatAppTrackerTests" */ = {
			isa = XCConfigurationList;
			buildConfigurations = (
				84D44E1C2F780DA40042EF2A /* Debug */,
				84D44E1D2F780DA40042EF2A /* Release */,
			);
			defaultConfigurationIsVisible = 0;
			defaultConfigurationName = Release;
		};
		84D44E1E2F780DA40042EF2A /* Build configuration list for PBXNativeTarget "ChatAppTrackerUITests" */ = {
			isa = XCConfigurationList;
			buildConfigurations = (
				84D44E1F2F780DA40042EF2A /* Debug */,
				84D44E202F780DA40042EF2A /* Release */,
			);
			defaultConfigurationIsVisible = 0;
			defaultConfigurationName = Release;
		};
/* End XCConfigurationList section */
	};
	rootObject = 84D44DEF2F780DA10042EF2A /* Project object */;
}
